# THIS IS AN AUTOGENERATED FILE. DO NOT EDIT THIS FILE DIRECTLY.
# yarn lockfile v1


heatmap.js@^2.0.5:
  version "2.0.5"
  resolved "https://registry.yarnpkg.com/heatmap.js/-/heatmap.js-2.0.5.tgz#466d3b86513f5d49112a49d25700ab2730149153"
  integrity sha1-Rm07hlE/XUkRKknSVwCrJzAUkVM=

jquery@^3.3.1:
  version "3.3.1"
  resolved "https://registry.yarnpkg.com/jquery/-/jquery-3.3.1.tgz#958ce29e81c9790f31be7792df5d4d95fc57fbca"
  integrity sha512-Ubldcmxp5np52/ENotGxlLe6aGMvmF4R8S6tZjsP6Knsaxd/xp3Zrh50cG93lR6nPXyUFwzN3ZSOQI0wRJNdGg==
